
Microsoft Visual Studio Solution File, Format Version 12.00
# Visual Studio 2012
Project("{FAE04EC0-301F-11D3-BF4B-00C04F79EFBC}") = "chat", "chat\chat.csproj", "{EA36F74E-6AB1-487E-803D-866765ADFEAC}"
EndProject
Global
	GlobalSection(SolutionConfigurationPlatforms) = preSolution
		Debug|ARM = Debug|ARM
		Debug|x64 = Debug|x64
		Debug|Win32 = Debug|Win32
		Release|ARM = Release|ARM
		Release|x64 = Release|x64
		Release|Win32 = Release|Win32
	EndGlobalSection
	GlobalSection(ProjectConfigurationPlatforms) = postSolution
		{EA36F74E-6AB1-487E-803D-866765ADFEAC}.Debug|ARM.ActiveCfg = Debug|ARM
		{EA36F74E-6AB1-487E-803D-866765ADFEAC}.Debug|ARM.Build.0 = Debug|ARM
		{EA36F74E-6AB1-487E-803D-866765ADFEAC}.Debug|ARM.Deploy.0 = Debug|ARM
		{EA36F74E-6AB1-487E-803D-866765ADFEAC}.Debug|x64.ActiveCfg = Debug|x64
		{EA36F74E-6AB1-487E-803D-866765ADFEAC}.Debug|x64.Build.0 = Debug|x64
		{EA36F74E-6AB1-487E-803D-866765ADFEAC}.Debug|x64.Deploy.0 = Debug|x64
		{EA36F74E-6AB1-487E-803D-866765ADFEAC}.Debug|Win32.ActiveCfg = Debug|Win32
		{EA36F74E-6AB1-487E-803D-866765ADFEAC}.Debug|Win32.Build.0 = Debug|Win32
		{EA36F74E-6AB1-487E-803D-866765ADFEAC}.Debug|Win32.Deploy.0 = Debug|Win32
		{EA36F74E-6AB1-487E-803D-866765ADFEAC}.Release|ARM.ActiveCfg = Release|ARM
		{EA36F74E-6AB1-487E-803D-866765ADFEAC}.Release|ARM.Build.0 = Release|ARM
		{EA36F74E-6AB1-487E-803D-866765ADFEAC}.Release|ARM.Deploy.0 = Release|ARM
		{EA36F74E-6AB1-487E-803D-866765ADFEAC}.Release|x64.ActiveCfg = Release|x64
		{EA36F74E-6AB1-487E-803D-866765ADFEAC}.Release|x64.Build.0 = Release|x64
		{EA36F74E-6AB1-487E-803D-866765ADFEAC}.Release|x64.Deploy.0 = Release|x64
		{EA36F74E-6AB1-487E-803D-866765ADFEAC}.Release|Win32.ActiveCfg = Release|Win32
		{EA36F74E-6AB1-487E-803D-866765ADFEAC}.Release|Win32.Build.0 = Release|Win32
		{EA36F74E-6AB1-487E-803D-866765ADFEAC}.Release|Win32.Deploy.0 = Release|Win32
	EndGlobalSection
	GlobalSection(SolutionProperties) = preSolution
		HideSolutionNode = FALSE
	EndGlobalSection
EndGlobal
