// !$*UTF8*$!
{
	archiveVersion = 1;
	classes = {
	};
	objectVersion = 46;
	objects = {

/* Begin PBXBuildFile section */
		9AF939381E8429BC002A88FC /* AppDelegate.m in Sources */ = {isa = PBXBuildFile; fileRef = 9AF939371E8429BC002A88FC /* AppDelegate.m */; };
		9AF9393B1E8429BC002A88FC /* main.m in Sources */ = {isa = PBXBuildFile; fileRef = 9AF9393A1E8429BC002A88FC /* main.m */; };
		9AF939401E8429BC002A88FC /* Assets.xcassets in Resources */ = {isa = PBXBuildFile; fileRef = 9AF9393F1E8429BC002A88FC /* Assets.xcassets */; };
		9AF939431E8429BC002A88FC /* Main.storyboard in Resources */ = {isa = PBXBuildFile; fileRef = 9AF939411E8429BC002A88FC /* Main.storyboard */; };
		9AF939581E842B71002A88FC /* AJNCBusObjectImpl.mm in Sources */ = {isa = PBXBuildFile; fileRef = 9AF9394C1E842B71002A88FC /* AJNCBusObjectImpl.mm */; };
		9AF939591E842B71002A88FC /* AJNCChatObjectSignalHandler.mm in Sources */ = {isa = PBXBuildFile; fileRef = 9AF9394E1E842B71002A88FC /* AJNCChatObjectSignalHandler.mm */; };
		9AF9395A1E842B71002A88FC /* AJNCChatObjectSignalHandlerImpl.mm in Sources */ = {isa = PBXBuildFile; fileRef = 9AF939501E842B71002A88FC /* AJNCChatObjectSignalHandlerImpl.mm */; };
		9AF9395B1E842B71002A88FC /* AJNCConstants.m in Sources */ = {isa = PBXBuildFile; fileRef = 9AF939531E842B71002A88FC /* AJNCConstants.m */; };
		9AF9395C1E842B71002A88FC /* AJNCConversation.m in Sources */ = {isa = PBXBuildFile; fileRef = 9AF939551E842B71002A88FC /* AJNCConversation.m */; };
		9AF9395D1E842B71002A88FC /* AJNCMessage.m in Sources */ = {isa = PBXBuildFile; fileRef = 9AF939571E842B71002A88FC /* AJNCMessage.m */; };
		9AF9396B1E84322F002A88FC /* AJNCBusObject.mm in Sources */ = {isa = PBXBuildFile; fileRef = 9AF939681E84322F002A88FC /* AJNCBusObject.mm */; };
		9AF9396C1E84322F002A88FC /* ChatViewController.m in Sources */ = {isa = PBXBuildFile; fileRef = 9AF9396A1E84322F002A88FC /* ChatViewController.m */; };
/* End PBXBuildFile section */

/* Begin PBXFileReference section */
		9AF939331E8429BC002A88FC /* AllJoynChat.app */ = {isa = PBXFileReference; explicitFileType = wrapper.application; includeInIndex = 0; path = AllJoynChat.app; sourceTree = BUILT_PRODUCTS_DIR; };
		9AF939361E8429BC002A88FC /* AppDelegate.h */ = {isa = PBXFileReference; lastKnownFileType = sourcecode.c.h; path = AppDelegate.h; sourceTree = "<group>"; };
		9AF939371E8429BC002A88FC /* AppDelegate.m */ = {isa = PBXFileReference; lastKnownFileType = sourcecode.c.objc; path = AppDelegate.m; sourceTree = "<group>"; };
		9AF9393A1E8429BC002A88FC /* main.m */ = {isa = PBXFileReference; lastKnownFileType = sourcecode.c.objc; path = main.m; sourceTree = "<group>"; };
		9AF9393F1E8429BC002A88FC /* Assets.xcassets */ = {isa = PBXFileReference; lastKnownFileType = folder.assetcatalog; path = Assets.xcassets; sourceTree = "<group>"; };
		9AF939421E8429BC002A88FC /* Base */ = {isa = PBXFileReference; lastKnownFileType = file.storyboard; name = Base; path = Base.lproj/Main.storyboard; sourceTree = "<group>"; };
		9AF939441E8429BC002A88FC /* Info.plist */ = {isa = PBXFileReference; lastKnownFileType = text.plist.xml; path = Info.plist; sourceTree = "<group>"; };
		9AF9394B1E842B5B002A88FC /* AJNCBusObjectImpl.h */ = {isa = PBXFileReference; fileEncoding = 4; lastKnownFileType = sourcecode.c.h; path = AJNCBusObjectImpl.h; sourceTree = "<group>"; };
		9AF9394C1E842B71002A88FC /* AJNCBusObjectImpl.mm */ = {isa = PBXFileReference; fileEncoding = 4; lastKnownFileType = sourcecode.cpp.objcpp; path = AJNCBusObjectImpl.mm; sourceTree = "<group>"; };
		9AF9394D1E842B71002A88FC /* AJNCChatObjectSignalHandler.h */ = {isa = PBXFileReference; fileEncoding = 4; lastKnownFileType = sourcecode.c.h; path = AJNCChatObjectSignalHandler.h; sourceTree = "<group>"; };
		9AF9394E1E842B71002A88FC /* AJNCChatObjectSignalHandler.mm */ = {isa = PBXFileReference; fileEncoding = 4; lastKnownFileType = sourcecode.cpp.objcpp; path = AJNCChatObjectSignalHandler.mm; sourceTree = "<group>"; };
		9AF9394F1E842B71002A88FC /* AJNCChatObjectSignalHandlerImpl.h */ = {isa = PBXFileReference; fileEncoding = 4; lastKnownFileType = sourcecode.c.h; path = AJNCChatObjectSignalHandlerImpl.h; sourceTree = "<group>"; };
		9AF939501E842B71002A88FC /* AJNCChatObjectSignalHandlerImpl.mm */ = {isa = PBXFileReference; fileEncoding = 4; lastKnownFileType = sourcecode.cpp.objcpp; path = AJNCChatObjectSignalHandlerImpl.mm; sourceTree = "<group>"; };
		9AF939511E842B71002A88FC /* AJNCChatReceiver.h */ = {isa = PBXFileReference; fileEncoding = 4; lastKnownFileType = sourcecode.c.h; path = AJNCChatReceiver.h; sourceTree = "<group>"; };
		9AF939521E842B71002A88FC /* AJNCConstants.h */ = {isa = PBXFileReference; fileEncoding = 4; lastKnownFileType = sourcecode.c.h; path = AJNCConstants.h; sourceTree = "<group>"; };
		9AF939531E842B71002A88FC /* AJNCConstants.m */ = {isa = PBXFileReference; fileEncoding = 4; lastKnownFileType = sourcecode.c.objc; path = AJNCConstants.m; sourceTree = "<group>"; };
		9AF939541E842B71002A88FC /* AJNCConversation.h */ = {isa = PBXFileReference; fileEncoding = 4; lastKnownFileType = sourcecode.c.h; path = AJNCConversation.h; sourceTree = "<group>"; };
		9AF939551E842B71002A88FC /* AJNCConversation.m */ = {isa = PBXFileReference; fileEncoding = 4; lastKnownFileType = sourcecode.c.objc; path = AJNCConversation.m; sourceTree = "<group>"; };
		9AF939561E842B71002A88FC /* AJNCMessage.h */ = {isa = PBXFileReference; fileEncoding = 4; lastKnownFileType = sourcecode.c.h; path = AJNCMessage.h; sourceTree = "<group>"; };
		9AF939571E842B71002A88FC /* AJNCMessage.m */ = {isa = PBXFileReference; fileEncoding = 4; lastKnownFileType = sourcecode.c.objc; path = AJNCMessage.m; sourceTree = "<group>"; };
		9AF939671E84322F002A88FC /* AJNCBusObject.h */ = {isa = PBXFileReference; fileEncoding = 4; lastKnownFileType = sourcecode.c.h; path = AJNCBusObject.h; sourceTree = "<group>"; };
		9AF939681E84322F002A88FC /* AJNCBusObject.mm */ = {isa = PBXFileReference; fileEncoding = 4; lastKnownFileType = sourcecode.cpp.objcpp; path = AJNCBusObject.mm; sourceTree = "<group>"; };
		9AF939691E84322F002A88FC /* ChatViewController.h */ = {isa = PBXFileReference; fileEncoding = 4; lastKnownFileType = sourcecode.c.h; path = ChatViewController.h; sourceTree = "<group>"; };
		9AF9396A1E84322F002A88FC /* ChatViewController.m */ = {isa = PBXFileReference; fileEncoding = 4; lastKnownFileType = sourcecode.c.objc; path = ChatViewController.m; sourceTree = "<group>"; };
/* End PBXFileReference section */

/* Begin PBXFrameworksBuildPhase section */
		9AF939301E8429BC002A88FC /* Frameworks */ = {
			isa = PBXFrameworksBuildPhase;
			buildActionMask = 2147483647;
			files = (
			);
			runOnlyForDeploymentPostprocessing = 0;
		};
/* End PBXFrameworksBuildPhase section */

/* Begin PBXGroup section */
		9AF9392A1E8429BC002A88FC = {
			isa = PBXGroup;
			children = (
				9AF939351E8429BC002A88FC /* AllJoynChat */,
				9AF939341E8429BC002A88FC /* Products */,
			);
			sourceTree = "<group>";
		};
		9AF939341E8429BC002A88FC /* Products */ = {
			isa = PBXGroup;
			children = (
				9AF939331E8429BC002A88FC /* AllJoynChat.app */,
			);
			name = Products;
			sourceTree = "<group>";
		};
		9AF939351E8429BC002A88FC /* AllJoynChat */ = {
			isa = PBXGroup;
			children = (
				9AF9394A1E842ADE002A88FC /* object */,
				9AF939511E842B71002A88FC /* AJNCChatReceiver.h */,
				9AF939521E842B71002A88FC /* AJNCConstants.h */,
				9AF939531E842B71002A88FC /* AJNCConstants.m */,
				9AF939541E842B71002A88FC /* AJNCConversation.h */,
				9AF939551E842B71002A88FC /* AJNCConversation.m */,
				9AF939561E842B71002A88FC /* AJNCMessage.h */,
				9AF939571E842B71002A88FC /* AJNCMessage.m */,
				9AF939361E8429BC002A88FC /* AppDelegate.h */,
				9AF939371E8429BC002A88FC /* AppDelegate.m */,
				9AF939691E84322F002A88FC /* ChatViewController.h */,
				9AF9396A1E84322F002A88FC /* ChatViewController.m */,
				9AF9393F1E8429BC002A88FC /* Assets.xcassets */,
				9AF939411E8429BC002A88FC /* Main.storyboard */,
				9AF939441E8429BC002A88FC /* Info.plist */,
				9AF939391E8429BC002A88FC /* Supporting Files */,
			);
			path = AllJoynChat;
			sourceTree = "<group>";
		};
		9AF939391E8429BC002A88FC /* Supporting Files */ = {
			isa = PBXGroup;
			children = (
				9AF9393A1E8429BC002A88FC /* main.m */,
			);
			name = "Supporting Files";
			sourceTree = "<group>";
		};
		9AF9394A1E842ADE002A88FC /* object */ = {
			isa = PBXGroup;
			children = (
				9AF939671E84322F002A88FC /* AJNCBusObject.h */,
				9AF939681E84322F002A88FC /* AJNCBusObject.mm */,
				9AF9394B1E842B5B002A88FC /* AJNCBusObjectImpl.h */,
				9AF9394C1E842B71002A88FC /* AJNCBusObjectImpl.mm */,
				9AF9394D1E842B71002A88FC /* AJNCChatObjectSignalHandler.h */,
				9AF9394E1E842B71002A88FC /* AJNCChatObjectSignalHandler.mm */,
				9AF9394F1E842B71002A88FC /* AJNCChatObjectSignalHandlerImpl.h */,
				9AF939501E842B71002A88FC /* AJNCChatObjectSignalHandlerImpl.mm */,
			);
			name = object;
			sourceTree = "<group>";
		};
/* End PBXGroup section */

/* Begin PBXNativeTarget section */
		9AF939321E8429BC002A88FC /* AllJoynChat */ = {
			isa = PBXNativeTarget;
			buildConfigurationList = 9AF939471E8429BC002A88FC /* Build configuration list for PBXNativeTarget "AllJoynChat" */;
			buildPhases = (
				9AF9392F1E8429BC002A88FC /* Sources */,
				9AF939301E8429BC002A88FC /* Frameworks */,
				9AF939311E8429BC002A88FC /* Resources */,
			);
			buildRules = (
			);
			dependencies = (
			);
			name = AllJoynChat;
			productName = AllJoynChat;
			productReference = 9AF939331E8429BC002A88FC /* AllJoynChat.app */;
			productType = "com.apple.product-type.application";
		};
/* End PBXNativeTarget section */

/* Begin PBXProject section */
		9AF9392B1E8429BC002A88FC /* Project object */ = {
			isa = PBXProject;
			attributes = {
				LastUpgradeCheck = 0820;
				ORGANIZATIONNAME = AllJoyn;
				TargetAttributes = {
					9AF939321E8429BC002A88FC = {
						CreatedOnToolsVersion = 8.2.1;
						ProvisioningStyle = Automatic;
					};
				};
			};
			buildConfigurationList = 9AF9392E1E8429BC002A88FC /* Build configuration list for PBXProject "AllJoynChat" */;
			compatibilityVersion = "Xcode 3.2";
			developmentRegion = English;
			hasScannedForEncodings = 0;
			knownRegions = (
				en,
				Base,
			);
			mainGroup = 9AF9392A1E8429BC002A88FC;
			productRefGroup = 9AF939341E8429BC002A88FC /* Products */;
			projectDirPath = "";
			projectRoot = "";
			targets = (
				9AF939321E8429BC002A88FC /* AllJoynChat */,
			);
		};
/* End PBXProject section */

/* Begin PBXResourcesBuildPhase section */
		9AF939311E8429BC002A88FC /* Resources */ = {
			isa = PBXResourcesBuildPhase;
			buildActionMask = 2147483647;
			files = (
				9AF939401E8429BC002A88FC /* Assets.xcassets in Resources */,
				9AF939431E8429BC002A88FC /* Main.storyboard in Resources */,
			);
			runOnlyForDeploymentPostprocessing = 0;
		};
/* End PBXResourcesBuildPhase section */

/* Begin PBXSourcesBuildPhase section */
		9AF9392F1E8429BC002A88FC /* Sources */ = {
			isa = PBXSourcesBuildPhase;
			buildActionMask = 2147483647;
			files = (
				9AF9393B1E8429BC002A88FC /* main.m in Sources */,
				9AF939381E8429BC002A88FC /* AppDelegate.m in Sources */,
				9AF9395B1E842B71002A88FC /* AJNCConstants.m in Sources */,
				9AF9396C1E84322F002A88FC /* ChatViewController.m in Sources */,
				9AF9395D1E842B71002A88FC /* AJNCMessage.m in Sources */,
				9AF9395C1E842B71002A88FC /* AJNCConversation.m in Sources */,
				9AF939581E842B71002A88FC /* AJNCBusObjectImpl.mm in Sources */,
				9AF939591E842B71002A88FC /* AJNCChatObjectSignalHandler.mm in Sources */,
				9AF9395A1E842B71002A88FC /* AJNCChatObjectSignalHandlerImpl.mm in Sources */,
				9AF9396B1E84322F002A88FC /* AJNCBusObject.mm in Sources */,
			);
			runOnlyForDeploymentPostprocessing = 0;
		};
/* End PBXSourcesBuildPhase section */

/* Begin PBXVariantGroup section */
		9AF939411E8429BC002A88FC /* Main.storyboard */ = {
			isa = PBXVariantGroup;
			children = (
				9AF939421E8429BC002A88FC /* Base */,
			);
			name = Main.storyboard;
			sourceTree = "<group>";
		};
/* End PBXVariantGroup section */

/* Begin XCBuildConfiguration section */
		9AF939451E8429BC002A88FC /* Debug */ = {
			isa = XCBuildConfiguration;
			buildSettings = {
				ALWAYS_SEARCH_USER_PATHS = NO;
				CLANG_ANALYZER_NONNULL = YES;
				CLANG_CXX_LANGUAGE_STANDARD = "gnu++0x";
				CLANG_CXX_LIBRARY = "libc++";
				CLANG_ENABLE_MODULES = YES;
				CLANG_ENABLE_OBJC_ARC = YES;
				CLANG_WARN_BOOL_CONVERSION = YES;
				CLANG_WARN_CONSTANT_CONVERSION = YES;
				CLANG_WARN_DIRECT_OBJC_ISA_USAGE = YES_ERROR;
				CLANG_WARN_DOCUMENTATION_COMMENTS = YES;
				CLANG_WARN_EMPTY_BODY = YES;
				CLANG_WARN_ENUM_CONVERSION = YES;
				CLANG_WARN_INFINITE_RECURSION = YES;
				CLANG_WARN_INT_CONVERSION = YES;
				CLANG_WARN_OBJC_ROOT_CLASS = YES_ERROR;
				CLANG_WARN_SUSPICIOUS_MOVE = YES;
				CLANG_WARN_UNREACHABLE_CODE = YES;
				CLANG_WARN__DUPLICATE_METHOD_MATCH = YES;
				CODE_SIGN_IDENTITY = "-";
				COPY_PHASE_STRIP = NO;
				DEBUG_INFORMATION_FORMAT = dwarf;
				ENABLE_STRICT_OBJC_MSGSEND = YES;
				ENABLE_TESTABILITY = YES;
				GCC_C_LANGUAGE_STANDARD = gnu99;
				GCC_DYNAMIC_NO_PIC = NO;
				GCC_NO_COMMON_BLOCKS = YES;
				GCC_OPTIMIZATION_LEVEL = 0;
				GCC_PREPROCESSOR_DEFINITIONS = (
					"DEBUG=1",
					"$(inherited)",
				);
				GCC_WARN_64_TO_32_BIT_CONVERSION = YES;
				GCC_WARN_ABOUT_RETURN_TYPE = YES_ERROR;
				GCC_WARN_UNDECLARED_SELECTOR = YES;
				GCC_WARN_UNINITIALIZED_AUTOS = YES_AGGRESSIVE;
				GCC_WARN_UNUSED_FUNCTION = YES;
				GCC_WARN_UNUSED_VARIABLE = YES;
				MACOSX_DEPLOYMENT_TARGET = 10.11;
				MTL_ENABLE_DEBUG_INFO = YES;
				ONLY_ACTIVE_ARCH = YES;
				SDKROOT = macosx;
			};
			name = Debug;
		};
		9AF939461E8429BC002A88FC /* Release */ = {
			isa = XCBuildConfiguration;
			buildSettings = {
				ALWAYS_SEARCH_USER_PATHS = NO;
				CLANG_ANALYZER_NONNULL = YES;
				CLANG_CXX_LANGUAGE_STANDARD = "gnu++0x";
				CLANG_CXX_LIBRARY = "libc++";
				CLANG_ENABLE_MODULES = YES;
				CLANG_ENABLE_OBJC_ARC = YES;
				CLANG_WARN_BOOL_CONVERSION = YES;
				CLANG_WARN_CONSTANT_CONVERSION = YES;
				CLANG_WARN_DIRECT_OBJC_ISA_USAGE = YES_ERROR;
				CLANG_WARN_DOCUMENTATION_COMMENTS = YES;
				CLANG_WARN_EMPTY_BODY = YES;
				CLANG_WARN_ENUM_CONVERSION = YES;
				CLANG_WARN_INFINITE_RECURSION = YES;
				CLANG_WARN_INT_CONVERSION = YES;
				CLANG_WARN_OBJC_ROOT_CLASS = YES_ERROR;
				CLANG_WARN_SUSPICIOUS_MOVE = YES;
				CLANG_WARN_UNREACHABLE_CODE = YES;
				CLANG_WARN__DUPLICATE_METHOD_MATCH = YES;
				CODE_SIGN_IDENTITY = "-";
				COPY_PHASE_STRIP = NO;
				DEBUG_INFORMATION_FORMAT = "dwarf-with-dsym";
				ENABLE_NS_ASSERTIONS = NO;
				ENABLE_STRICT_OBJC_MSGSEND = YES;
				GCC_C_LANGUAGE_STANDARD = gnu99;
				GCC_NO_COMMON_BLOCKS = YES;
				GCC_WARN_64_TO_32_BIT_CONVERSION = YES;
				GCC_WARN_ABOUT_RETURN_TYPE = YES_ERROR;
				GCC_WARN_UNDECLARED_SELECTOR = YES;
				GCC_WARN_UNINITIALIZED_AUTOS = YES_AGGRESSIVE;
				GCC_WARN_UNUSED_FUNCTION = YES;
				GCC_WARN_UNUSED_VARIABLE = YES;
				MACOSX_DEPLOYMENT_TARGET = 10.11;
				MTL_ENABLE_DEBUG_INFO = NO;
				SDKROOT = macosx;
			};
			name = Release;
		};
		9AF939481E8429BC002A88FC /* Debug */ = {
			isa = XCBuildConfiguration;
			buildSettings = {
				ASSETCATALOG_COMPILER_APPICON_NAME = AppIcon;
				COMBINE_HIDPI_IMAGES = YES;
				HEADER_SEARCH_PATHS = "\"$(SRCROOT)/../../../../build/darwin/AllJoynFramework/include/\"";
				INFOPLIST_FILE = AllJoynChat/Info.plist;
				LD_RUNPATH_SEARCH_PATHS = "$(inherited) @executable_path/../Frameworks";
				LIBRARY_SEARCH_PATHS = "\"$(SRCROOT)/../../../../build/darwin/AllJoynFramework/$(CONFIGURATION)/\"";
				MACOSX_DEPLOYMENT_TARGET = 10.10;
				"OTHER_CFLAGS[arch=*]" = (
					"-DQCC_OS_GROUP_POSIX",
					"-DQCC_OS_DARWIN",
				);
				OTHER_LDFLAGS = (
					"-lalljoyn",
					"-lajrouter",
					"-lAllJoynFramework_macOS",
				);
				PRODUCT_BUNDLE_IDENTIFIER = org.alljoyn.objc.AllJoynChat;
				PRODUCT_NAME = "$(TARGET_NAME)";
			};
			name = Debug;
		};
		9AF939491E8429BC002A88FC /* Release */ = {
			isa = XCBuildConfiguration;
			buildSettings = {
				ASSETCATALOG_COMPILER_APPICON_NAME = AppIcon;
				COMBINE_HIDPI_IMAGES = YES;
				HEADER_SEARCH_PATHS = "\"$(SRCROOT)/../../../../build/darwin/AllJoynFramework/include/\"";
				INFOPLIST_FILE = AllJoynChat/Info.plist;
				LD_RUNPATH_SEARCH_PATHS = "$(inherited) @executable_path/../Frameworks";
				LIBRARY_SEARCH_PATHS = "\"$(SRCROOT)/../../../../build/darwin/AllJoynFramework/$(CONFIGURATION)/\"";
				MACOSX_DEPLOYMENT_TARGET = 10.10;
				"OTHER_CFLAGS[arch=*]" = (
					"-DNS_BLOCK_ASSERTIONS=1",
					"-DQCC_OS_GROUP_POSIX",
					"-DQCC_OS_DARWIN",
				);
				OTHER_LDFLAGS = (
					"-lalljoyn",
					"-lajrouter",
					"-lAllJoynFramework_macOS",
				);
				PRODUCT_BUNDLE_IDENTIFIER = org.alljoyn.objc.AllJoynChat;
				PRODUCT_NAME = "$(TARGET_NAME)";
			};
			name = Release;
		};
/* End XCBuildConfiguration section */

/* Begin XCConfigurationList section */
		9AF9392E1E8429BC002A88FC /* Build configuration list for PBXProject "AllJoynChat" */ = {
			isa = XCConfigurationList;
			buildConfigurations = (
				9AF939451E8429BC002A88FC /* Debug */,
				9AF939461E8429BC002A88FC /* Release */,
			);
			defaultConfigurationIsVisible = 0;
			defaultConfigurationName = Release;
		};
		9AF939471E8429BC002A88FC /* Build configuration list for PBXNativeTarget "AllJoynChat" */ = {
			isa = XCConfigurationList;
			buildConfigurations = (
				9AF939481E8429BC002A88FC /* Debug */,
				9AF939491E8429BC002A88FC /* Release */,
			);
			defaultConfigurationIsVisible = 0;
			defaultConfigurationName = Release;
		};
/* End XCConfigurationList section */
	};
	rootObject = 9AF9392B1E8429BC002A88FC /* Project object */;
}
