// !$*UTF8*$!
{
	archiveVersion = 1;
	classes = {
	};
	objectVersion = 46;
	objects = {

/* Begin PBXBuildFile section */
		5B0BCCCF1D933064004F5DE3 /* main.m in Sources */ = {isa = PBXBuildFile; fileRef = 5B0BCCCE1D933064004F5DE3 /* main.m */; };
		5B0BCCD21D933064004F5DE3 /* AppDelegate.m in Sources */ = {isa = PBXBuildFile; fileRef = 5B0BCCD11D933064004F5DE3 /* AppDelegate.m */; };
		5B0BCCD51D933064004F5DE3 /* ViewController.m in Sources */ = {isa = PBXBuildFile; fileRef = 5B0BCCD41D933064004F5DE3 /* ViewController.m */; };
		5B0BCCD81D933064004F5DE3 /* Main.storyboard in Resources */ = {isa = PBXBuildFile; fileRef = 5B0BCCD61D933064004F5DE3 /* Main.storyboard */; };
		5B0BCCDA1D933064004F5DE3 /* Assets.xcassets in Resources */ = {isa = PBXBuildFile; fileRef = 5B0BCCD91D933064004F5DE3 /* Assets.xcassets */; };
		5B0BCCDD1D933064004F5DE3 /* LaunchScreen.storyboard in Resources */ = {isa = PBXBuildFile; fileRef = 5B0BCCDB1D933064004F5DE3 /* LaunchScreen.storyboard */; };
		5B0BCCE71D933070004F5DE3 /* DoorCommon.mm in Sources */ = {isa = PBXBuildFile; fileRef = 5B0BCCE61D933070004F5DE3 /* DoorCommon.mm */; };
		5B0BCD571D93307F004F5DE3 /* AJNAboutData.mm in Sources */ = {isa = PBXBuildFile; fileRef = 5B0BCCEA1D93307E004F5DE3 /* AJNAboutData.mm */; };
		5B0BCD581D93307F004F5DE3 /* AJNAboutDataListenerImpl.mm in Sources */ = {isa = PBXBuildFile; fileRef = 5B0BCCED1D93307E004F5DE3 /* AJNAboutDataListenerImpl.mm */; };
		5B0BCD591D93307F004F5DE3 /* AJNAboutIcon.mm in Sources */ = {isa = PBXBuildFile; fileRef = 5B0BCCEF1D93307E004F5DE3 /* AJNAboutIcon.mm */; };
		5B0BCD5A1D93307F004F5DE3 /* AJNAboutIconObject.mm in Sources */ = {isa = PBXBuildFile; fileRef = 5B0BCCF11D93307E004F5DE3 /* AJNAboutIconObject.mm */; };
		5B0BCD5B1D93307F004F5DE3 /* AJNAboutIconProxy.mm in Sources */ = {isa = PBXBuildFile; fileRef = 5B0BCCF31D93307E004F5DE3 /* AJNAboutIconProxy.mm */; };
		5B0BCD5C1D93307F004F5DE3 /* AJNAboutListenerImpl.mm in Sources */ = {isa = PBXBuildFile; fileRef = 5B0BCCF61D93307E004F5DE3 /* AJNAboutListenerImpl.mm */; };
		5B0BCD5D1D93307F004F5DE3 /* AJNAboutObject.mm in Sources */ = {isa = PBXBuildFile; fileRef = 5B0BCCF81D93307E004F5DE3 /* AJNAboutObject.mm */; };
		5B0BCD5E1D93307F004F5DE3 /* AJNAboutObjectDescription.mm in Sources */ = {isa = PBXBuildFile; fileRef = 5B0BCCFA1D93307E004F5DE3 /* AJNAboutObjectDescription.mm */; };
		5B0BCD5F1D93307F004F5DE3 /* AJNAboutProxy.mm in Sources */ = {isa = PBXBuildFile; fileRef = 5B0BCCFC1D93307E004F5DE3 /* AJNAboutProxy.mm */; };
		5B0BCD601D93307F004F5DE3 /* AJNAuthenticationListenerImpl.mm in Sources */ = {isa = PBXBuildFile; fileRef = 5B0BCCFF1D93307E004F5DE3 /* AJNAuthenticationListenerImpl.mm */; };
		5B0BCD611D93307F004F5DE3 /* AJNAutoPinger.mm in Sources */ = {isa = PBXBuildFile; fileRef = 5B0BCD011D93307E004F5DE3 /* AJNAutoPinger.mm */; };
		5B0BCD621D93307F004F5DE3 /* AJNBus.m in Sources */ = {isa = PBXBuildFile; fileRef = 5B0BCD031D93307E004F5DE3 /* AJNBus.m */; };
		5B0BCD631D93307F004F5DE3 /* AJNBusAttachment.mm in Sources */ = {isa = PBXBuildFile; fileRef = 5B0BCD051D93307E004F5DE3 /* AJNBusAttachment.mm */; };
		5B0BCD641D93307F004F5DE3 /* AJNBusListenerImpl.mm in Sources */ = {isa = PBXBuildFile; fileRef = 5B0BCD0A1D93307E004F5DE3 /* AJNBusListenerImpl.mm */; };
		5B0BCD651D93307F004F5DE3 /* AJNBusObject.mm in Sources */ = {isa = PBXBuildFile; fileRef = 5B0BCD0C1D93307E004F5DE3 /* AJNBusObject.mm */; };
		5B0BCD661D93307F004F5DE3 /* AJNBusObjectImpl.mm in Sources */ = {isa = PBXBuildFile; fileRef = 5B0BCD0E1D93307E004F5DE3 /* AJNBusObjectImpl.mm */; };
		5B0BCD671D93307F004F5DE3 /* AJNCertificateX509.mm in Sources */ = {isa = PBXBuildFile; fileRef = 5B0BCD101D93307E004F5DE3 /* AJNCertificateX509.mm */; };
		5B0BCD681D93307F004F5DE3 /* AJNClientController.m in Sources */ = {isa = PBXBuildFile; fileRef = 5B0BCD121D93307E004F5DE3 /* AJNClientController.m */; };
		5B0BCD691D93307F004F5DE3 /* AJNCryptoECC.mm in Sources */ = {isa = PBXBuildFile; fileRef = 5B0BCD141D93307E004F5DE3 /* AJNCryptoECC.mm */; };
		5B0BCD6A1D93307F004F5DE3 /* AJNGUID.mm in Sources */ = {isa = PBXBuildFile; fileRef = 5B0BCD161D93307E004F5DE3 /* AJNGUID.mm */; };
		5B0BCD6B1D93307F004F5DE3 /* AJNInit.mm in Sources */ = {isa = PBXBuildFile; fileRef = 5B0BCD191D93307E004F5DE3 /* AJNInit.mm */; };
		5B0BCD6C1D93307F004F5DE3 /* AJNInterfaceDescription.mm in Sources */ = {isa = PBXBuildFile; fileRef = 5B0BCD1B1D93307E004F5DE3 /* AJNInterfaceDescription.mm */; };
		5B0BCD6D1D93307F004F5DE3 /* AJNInterfaceMember.mm in Sources */ = {isa = PBXBuildFile; fileRef = 5B0BCD1D1D93307E004F5DE3 /* AJNInterfaceMember.mm */; };
		5B0BCD6E1D93307F004F5DE3 /* AJNInterfaceProperty.mm in Sources */ = {isa = PBXBuildFile; fileRef = 5B0BCD1F1D93307E004F5DE3 /* AJNInterfaceProperty.mm */; };
		5B0BCD6F1D93307F004F5DE3 /* AJNKeyInfoECC.mm in Sources */ = {isa = PBXBuildFile; fileRef = 5B0BCD211D93307E004F5DE3 /* AJNKeyInfoECC.mm */; };
		5B0BCD701D93307F004F5DE3 /* AJNKeyStoreListenerImpl.mm in Sources */ = {isa = PBXBuildFile; fileRef = 5B0BCD241D93307E004F5DE3 /* AJNKeyStoreListenerImpl.mm */; };
		5B0BCD711D93307F004F5DE3 /* AJNMessage.mm in Sources */ = {isa = PBXBuildFile; fileRef = 5B0BCD261D93307E004F5DE3 /* AJNMessage.mm */; };
		5B0BCD721D93307F004F5DE3 /* AJNMessageArgument.mm in Sources */ = {isa = PBXBuildFile; fileRef = 5B0BCD281D93307E004F5DE3 /* AJNMessageArgument.mm */; };
		5B0BCD731D93307F004F5DE3 /* AJNMessageHeaderFields.mm in Sources */ = {isa = PBXBuildFile; fileRef = 5B0BCD2A1D93307E004F5DE3 /* AJNMessageHeaderFields.mm */; };
		5B0BCD741D93307F004F5DE3 /* AJNObject.m in Sources */ = {isa = PBXBuildFile; fileRef = 5B0BCD2C1D93307E004F5DE3 /* AJNObject.m */; };
		5B0BCD751D93307F004F5DE3 /* AJNObserver.mm in Sources */ = {isa = PBXBuildFile; fileRef = 5B0BCD2E1D93307E004F5DE3 /* AJNObserver.mm */; };
		5B0BCD761D93307F004F5DE3 /* AJNPasswordManager.mm in Sources */ = {isa = PBXBuildFile; fileRef = 5B0BCD311D93307E004F5DE3 /* AJNPasswordManager.mm */; };
		5B0BCD771D93307F004F5DE3 /* AJNPermissionConfigurationListenerImpl.mm in Sources */ = {isa = PBXBuildFile; fileRef = 5B0BCD341D93307E004F5DE3 /* AJNPermissionConfigurationListenerImpl.mm */; };
		5B0BCD781D93307F004F5DE3 /* AJNPermissionConfigurator.mm in Sources */ = {isa = PBXBuildFile; fileRef = 5B0BCD361D93307E004F5DE3 /* AJNPermissionConfigurator.mm */; };
		5B0BCD791D93307F004F5DE3 /* AJNPingListenerImpl.mm in Sources */ = {isa = PBXBuildFile; fileRef = 5B0BCD391D93307E004F5DE3 /* AJNPingListenerImpl.mm */; };
		5B0BCD7A1D93307F004F5DE3 /* AJNProxyBusObject.mm in Sources */ = {isa = PBXBuildFile; fileRef = 5B0BCD3B1D93307E004F5DE3 /* AJNProxyBusObject.mm */; };
		5B0BCD7B1D93307F004F5DE3 /* AJNSecurityCredentials.mm in Sources */ = {isa = PBXBuildFile; fileRef = 5B0BCD3D1D93307E004F5DE3 /* AJNSecurityCredentials.mm */; };
		5B0BCD7C1D93307F004F5DE3 /* AJNServiceController.m in Sources */ = {isa = PBXBuildFile; fileRef = 5B0BCD3F1D93307E004F5DE3 /* AJNServiceController.m */; };
		5B0BCD7D1D93307F004F5DE3 /* AJNSessionListenerImpl.mm in Sources */ = {isa = PBXBuildFile; fileRef = 5B0BCD421D93307E004F5DE3 /* AJNSessionListenerImpl.mm */; };
		5B0BCD7E1D93307F004F5DE3 /* AJNSessionOptions.mm in Sources */ = {isa = PBXBuildFile; fileRef = 5B0BCD441D93307F004F5DE3 /* AJNSessionOptions.mm */; };
		5B0BCD7F1D93307F004F5DE3 /* AJNSessionPortListenerImpl.mm in Sources */ = {isa = PBXBuildFile; fileRef = 5B0BCD471D93307F004F5DE3 /* AJNSessionPortListenerImpl.mm */; };
		5B0BCD801D93307F004F5DE3 /* AJNSignalHandlerImpl.mm in Sources */ = {isa = PBXBuildFile; fileRef = 5B0BCD4A1D93307F004F5DE3 /* AJNSignalHandlerImpl.mm */; };
		5B0BCD811D93307F004F5DE3 /* AJNStatus.m in Sources */ = {isa = PBXBuildFile; fileRef = 5B0BCD4C1D93307F004F5DE3 /* AJNStatus.m */; };
		5B0BCD821D93307F004F5DE3 /* AJNTranslatorImpl.mm in Sources */ = {isa = PBXBuildFile; fileRef = 5B0BCD4F1D93307F004F5DE3 /* AJNTranslatorImpl.mm */; };
		5B0BCD831D93307F004F5DE3 /* AJNTransportMask.m in Sources */ = {isa = PBXBuildFile; fileRef = 5B0BCD511D93307F004F5DE3 /* AJNTransportMask.m */; };
		5B0BCD841D93307F004F5DE3 /* AJNVersion.mm in Sources */ = {isa = PBXBuildFile; fileRef = 5B0BCD541D93307F004F5DE3 /* AJNVersion.mm */; };
		5B0BCD851D93307F004F5DE3 /* SConscript in Resources */ = {isa = PBXBuildFile; fileRef = 5B0BCD561D93307F004F5DE3 /* SConscript */; };
/* End PBXBuildFile section */

/* Begin PBXFileReference section */
		5B0BCCCA1D933064004F5DE3 /* DoorProvider.app */ = {isa = PBXFileReference; explicitFileType = wrapper.application; includeInIndex = 0; path = DoorProvider.app; sourceTree = BUILT_PRODUCTS_DIR; };
		5B0BCCCE1D933064004F5DE3 /* main.m */ = {isa = PBXFileReference; lastKnownFileType = sourcecode.c.objc; path = main.m; sourceTree = "<group>"; };
		5B0BCCD01D933064004F5DE3 /* AppDelegate.h */ = {isa = PBXFileReference; lastKnownFileType = sourcecode.c.h; path = AppDelegate.h; sourceTree = "<group>"; };
		5B0BCCD11D933064004F5DE3 /* AppDelegate.m */ = {isa = PBXFileReference; lastKnownFileType = sourcecode.c.objc; path = AppDelegate.m; sourceTree = "<group>"; };
		5B0BCCD31D933064004F5DE3 /* ViewController.h */ = {isa = PBXFileReference; lastKnownFileType = sourcecode.c.h; path = ViewController.h; sourceTree = "<group>"; };
		5B0BCCD41D933064004F5DE3 /* ViewController.m */ = {isa = PBXFileReference; explicitFileType = sourcecode.cpp.objcpp; path = ViewController.m; sourceTree = "<group>"; };
		5B0BCCD71D933064004F5DE3 /* Base */ = {isa = PBXFileReference; lastKnownFileType = file.storyboard; name = Base; path = Base.lproj/Main.storyboard; sourceTree = "<group>"; };
		5B0BCCD91D933064004F5DE3 /* Assets.xcassets */ = {isa = PBXFileReference; lastKnownFileType = folder.assetcatalog; path = Assets.xcassets; sourceTree = "<group>"; };
		5B0BCCDC1D933064004F5DE3 /* Base */ = {isa = PBXFileReference; lastKnownFileType = file.storyboard; name = Base; path = Base.lproj/LaunchScreen.storyboard; sourceTree = "<group>"; };
		5B0BCCDE1D933064004F5DE3 /* Info.plist */ = {isa = PBXFileReference; lastKnownFileType = text.plist.xml; path = Info.plist; sourceTree = "<group>"; };
		5B0BCCE51D933070004F5DE3 /* DoorCommon.h */ = {isa = PBXFileReference; explicitFileType = sourcecode.cpp.objcpp.preprocessed; fileEncoding = 4; path = DoorCommon.h; sourceTree = "<group>"; };
		5B0BCCE61D933070004F5DE3 /* DoorCommon.mm */ = {isa = PBXFileReference; fileEncoding = 4; lastKnownFileType = sourcecode.cpp.objcpp; path = DoorCommon.mm; sourceTree = "<group>"; };
		5B0BCCE91D93307E004F5DE3 /* AJNAboutData.h */ = {isa = PBXFileReference; fileEncoding = 4; lastKnownFileType = sourcecode.c.h; path = AJNAboutData.h; sourceTree = "<group>"; };
		5B0BCCEA1D93307E004F5DE3 /* AJNAboutData.mm */ = {isa = PBXFileReference; fileEncoding = 4; lastKnownFileType = sourcecode.cpp.objcpp; path = AJNAboutData.mm; sourceTree = "<group>"; };
		5B0BCCEB1D93307E004F5DE3 /* AJNAboutDataListener.h */ = {isa = PBXFileReference; fileEncoding = 4; lastKnownFileType = sourcecode.c.h; path = AJNAboutDataListener.h; sourceTree = "<group>"; };
		5B0BCCEC1D93307E004F5DE3 /* AJNAboutDataListenerImpl.h */ = {isa = PBXFileReference; fileEncoding = 4; lastKnownFileType = sourcecode.c.h; path = AJNAboutDataListenerImpl.h; sourceTree = "<group>"; };
		5B0BCCED1D93307E004F5DE3 /* AJNAboutDataListenerImpl.mm */ = {isa = PBXFileReference; fileEncoding = 4; lastKnownFileType = sourcecode.cpp.objcpp; path = AJNAboutDataListenerImpl.mm; sourceTree = "<group>"; };
		5B0BCCEE1D93307E004F5DE3 /* AJNAboutIcon.h */ = {isa = PBXFileReference; fileEncoding = 4; lastKnownFileType = sourcecode.c.h; path = AJNAboutIcon.h; sourceTree = "<group>"; };
		5B0BCCEF1D93307E004F5DE3 /* AJNAboutIcon.mm */ = {isa = PBXFileReference; fileEncoding = 4; lastKnownFileType = sourcecode.cpp.objcpp; path = AJNAboutIcon.mm; sourceTree = "<group>"; };
		5B0BCCF01D93307E004F5DE3 /* AJNAboutIconObject.h */ = {isa = PBXFileReference; fileEncoding = 4; lastKnownFileType = sourcecode.c.h; path = AJNAboutIconObject.h; sourceTree = "<group>"; };
		5B0BCCF11D93307E004F5DE3 /* AJNAboutIconObject.mm */ = {isa = PBXFileReference; fileEncoding = 4; lastKnownFileType = sourcecode.cpp.objcpp; path = AJNAboutIconObject.mm; sourceTree = "<group>"; };
		5B0BCCF21D93307E004F5DE3 /* AJNAboutIconProxy.h */ = {isa = PBXFileReference; fileEncoding = 4; lastKnownFileType = sourcecode.c.h; path = AJNAboutIconProxy.h; sourceTree = "<group>"; };
		5B0BCCF31D93307E004F5DE3 /* AJNAboutIconProxy.mm */ = {isa = PBXFileReference; fileEncoding = 4; lastKnownFileType = sourcecode.cpp.objcpp; path = AJNAboutIconProxy.mm; sourceTree = "<group>"; };
		5B0BCCF41D93307E004F5DE3 /* AJNAboutListener.h */ = {isa = PBXFileReference; fileEncoding = 4; lastKnownFileType = sourcecode.c.h; path = AJNAboutListener.h; sourceTree = "<group>"; };
		5B0BCCF51D93307E004F5DE3 /* AJNAboutListenerImpl.h */ = {isa = PBXFileReference; fileEncoding = 4; lastKnownFileType = sourcecode.c.h; path = AJNAboutListenerImpl.h; sourceTree = "<group>"; };
		5B0BCCF61D93307E004F5DE3 /* AJNAboutListenerImpl.mm */ = {isa = PBXFileReference; fileEncoding = 4; lastKnownFileType = sourcecode.cpp.objcpp; path = AJNAboutListenerImpl.mm; sourceTree = "<group>"; };
		5B0BCCF71D93307E004F5DE3 /* AJNAboutObject.h */ = {isa = PBXFileReference; fileEncoding = 4; lastKnownFileType = sourcecode.c.h; path = AJNAboutObject.h; sourceTree = "<group>"; };
		5B0BCCF81D93307E004F5DE3 /* AJNAboutObject.mm */ = {isa = PBXFileReference; fileEncoding = 4; lastKnownFileType = sourcecode.cpp.objcpp; path = AJNAboutObject.mm; sourceTree = "<group>"; };
		5B0BCCF91D93307E004F5DE3 /* AJNAboutObjectDescription.h */ = {isa = PBXFileReference; fileEncoding = 4; lastKnownFileType = sourcecode.c.h; path = AJNAboutObjectDescription.h; sourceTree = "<group>"; };
		5B0BCCFA1D93307E004F5DE3 /* AJNAboutObjectDescription.mm */ = {isa = PBXFileReference; fileEncoding = 4; lastKnownFileType = sourcecode.cpp.objcpp; path = AJNAboutObjectDescription.mm; sourceTree = "<group>"; };
		5B0BCCFB1D93307E004F5DE3 /* AJNAboutProxy.h */ = {isa = PBXFileReference; fileEncoding = 4; lastKnownFileType = sourcecode.c.h; path = AJNAboutProxy.h; sourceTree = "<group>"; };
		5B0BCCFC1D93307E004F5DE3 /* AJNAboutProxy.mm */ = {isa = PBXFileReference; fileEncoding = 4; lastKnownFileType = sourcecode.cpp.objcpp; path = AJNAboutProxy.mm; sourceTree = "<group>"; };
		5B0BCCFD1D93307E004F5DE3 /* AJNAuthenticationListener.h */ = {isa = PBXFileReference; fileEncoding = 4; lastKnownFileType = sourcecode.c.h; path = AJNAuthenticationListener.h; sourceTree = "<group>"; };
		5B0BCCFE1D93307E004F5DE3 /* AJNAuthenticationListenerImpl.h */ = {isa = PBXFileReference; fileEncoding = 4; lastKnownFileType = sourcecode.c.h; path = AJNAuthenticationListenerImpl.h; sourceTree = "<group>"; };
		5B0BCCFF1D93307E004F5DE3 /* AJNAuthenticationListenerImpl.mm */ = {isa = PBXFileReference; fileEncoding = 4; lastKnownFileType = sourcecode.cpp.objcpp; path = AJNAuthenticationListenerImpl.mm; sourceTree = "<group>"; };
		5B0BCD001D93307E004F5DE3 /* AJNAutoPinger.h */ = {isa = PBXFileReference; fileEncoding = 4; lastKnownFileType = sourcecode.c.h; path = AJNAutoPinger.h; sourceTree = "<group>"; };
		5B0BCD011D93307E004F5DE3 /* AJNAutoPinger.mm */ = {isa = PBXFileReference; fileEncoding = 4; lastKnownFileType = sourcecode.cpp.objcpp; path = AJNAutoPinger.mm; sourceTree = "<group>"; };
		5B0BCD021D93307E004F5DE3 /* AJNBus.h */ = {isa = PBXFileReference; fileEncoding = 4; lastKnownFileType = sourcecode.c.h; path = AJNBus.h; sourceTree = "<group>"; };
		5B0BCD031D93307E004F5DE3 /* AJNBus.m */ = {isa = PBXFileReference; fileEncoding = 4; lastKnownFileType = sourcecode.c.objc; path = AJNBus.m; sourceTree = "<group>"; };
		5B0BCD041D93307E004F5DE3 /* AJNBusAttachment.h */ = {isa = PBXFileReference; fileEncoding = 4; lastKnownFileType = sourcecode.c.h; path = AJNBusAttachment.h; sourceTree = "<group>"; };
		5B0BCD051D93307E004F5DE3 /* AJNBusAttachment.mm */ = {isa = PBXFileReference; fileEncoding = 4; lastKnownFileType = sourcecode.cpp.objcpp; path = AJNBusAttachment.mm; sourceTree = "<group>"; };
		5B0BCD061D93307E004F5DE3 /* AJNBusController.h */ = {isa = PBXFileReference; fileEncoding = 4; lastKnownFileType = sourcecode.c.h; path = AJNBusController.h; sourceTree = "<group>"; };
		5B0BCD071D93307E004F5DE3 /* AJNBusInterface.h */ = {isa = PBXFileReference; fileEncoding = 4; lastKnownFileType = sourcecode.c.h; path = AJNBusInterface.h; sourceTree = "<group>"; };
		5B0BCD081D93307E004F5DE3 /* AJNBusListener.h */ = {isa = PBXFileReference; fileEncoding = 4; lastKnownFileType = sourcecode.c.h; path = AJNBusListener.h; sourceTree = "<group>"; };
		5B0BCD091D93307E004F5DE3 /* AJNBusListenerImpl.h */ = {isa = PBXFileReference; fileEncoding = 4; lastKnownFileType = sourcecode.c.h; path = AJNBusListenerImpl.h; sourceTree = "<group>"; };
		5B0BCD0A1D93307E004F5DE3 /* AJNBusListenerImpl.mm */ = {isa = PBXFileReference; fileEncoding = 4; lastKnownFileType = sourcecode.cpp.objcpp; path = AJNBusListenerImpl.mm; sourceTree = "<group>"; };
		5B0BCD0B1D93307E004F5DE3 /* AJNBusObject.h */ = {isa = PBXFileReference; fileEncoding = 4; lastKnownFileType = sourcecode.c.h; path = AJNBusObject.h; sourceTree = "<group>"; };
		5B0BCD0C1D93307E004F5DE3 /* AJNBusObject.mm */ = {isa = PBXFileReference; fileEncoding = 4; lastKnownFileType = sourcecode.cpp.objcpp; path = AJNBusObject.mm; sourceTree = "<group>"; };
		5B0BCD0D1D93307E004F5DE3 /* AJNBusObjectImpl.h */ = {isa = PBXFileReference; fileEncoding = 4; lastKnownFileType = sourcecode.c.h; path = AJNBusObjectImpl.h; sourceTree = "<group>"; };
		5B0BCD0E1D93307E004F5DE3 /* AJNBusObjectImpl.mm */ = {isa = PBXFileReference; fileEncoding = 4; lastKnownFileType = sourcecode.cpp.objcpp; path = AJNBusObjectImpl.mm; sourceTree = "<group>"; };
		5B0BCD0F1D93307E004F5DE3 /* AJNCertificateX509.h */ = {isa = PBXFileReference; fileEncoding = 4; lastKnownFileType = sourcecode.c.h; path = AJNCertificateX509.h; sourceTree = "<group>"; };
		5B0BCD101D93307E004F5DE3 /* AJNCertificateX509.mm */ = {isa = PBXFileReference; fileEncoding = 4; lastKnownFileType = sourcecode.cpp.objcpp; path = AJNCertificateX509.mm; sourceTree = "<group>"; };
		5B0BCD111D93307E004F5DE3 /* AJNClientController.h */ = {isa = PBXFileReference; fileEncoding = 4; lastKnownFileType = sourcecode.c.h; path = AJNClientController.h; sourceTree = "<group>"; };
		5B0BCD121D93307E004F5DE3 /* AJNClientController.m */ = {isa = PBXFileReference; fileEncoding = 4; lastKnownFileType = sourcecode.c.objc; path = AJNClientController.m; sourceTree = "<group>"; };
		5B0BCD131D93307E004F5DE3 /* AJNCryptoECC.h */ = {isa = PBXFileReference; fileEncoding = 4; lastKnownFileType = sourcecode.c.h; path = AJNCryptoECC.h; sourceTree = "<group>"; };
		5B0BCD141D93307E004F5DE3 /* AJNCryptoECC.mm */ = {isa = PBXFileReference; fileEncoding = 4; lastKnownFileType = sourcecode.cpp.objcpp; path = AJNCryptoECC.mm; sourceTree = "<group>"; };
		5B0BCD151D93307E004F5DE3 /* AJNGUID.h */ = {isa = PBXFileReference; fileEncoding = 4; lastKnownFileType = sourcecode.c.h; path = AJNGUID.h; sourceTree = "<group>"; };
		5B0BCD161D93307E004F5DE3 /* AJNGUID.mm */ = {isa = PBXFileReference; fileEncoding = 4; lastKnownFileType = sourcecode.cpp.objcpp; path = AJNGUID.mm; sourceTree = "<group>"; };
		5B0BCD171D93307E004F5DE3 /* AJNHandle.h */ = {isa = PBXFileReference; fileEncoding = 4; lastKnownFileType = sourcecode.c.h; path = AJNHandle.h; sourceTree = "<group>"; };
		5B0BCD181D93307E004F5DE3 /* AJNInit.h */ = {isa = PBXFileReference; fileEncoding = 4; lastKnownFileType = sourcecode.c.h; path = AJNInit.h; sourceTree = "<group>"; };
		5B0BCD191D93307E004F5DE3 /* AJNInit.mm */ = {isa = PBXFileReference; fileEncoding = 4; lastKnownFileType = sourcecode.cpp.objcpp; path = AJNInit.mm; sourceTree = "<group>"; };
		5B0BCD1A1D93307E004F5DE3 /* AJNInterfaceDescription.h */ = {isa = PBXFileReference; fileEncoding = 4; lastKnownFileType = sourcecode.c.h; path = AJNInterfaceDescription.h; sourceTree = "<group>"; };
		5B0BCD1B1D93307E004F5DE3 /* AJNInterfaceDescription.mm */ = {isa = PBXFileReference; fileEncoding = 4; lastKnownFileType = sourcecode.cpp.objcpp; path = AJNInterfaceDescription.mm; sourceTree = "<group>"; };
		5B0BCD1C1D93307E004F5DE3 /* AJNInterfaceMember.h */ = {isa = PBXFileReference; fileEncoding = 4; lastKnownFileType = sourcecode.c.h; path = AJNInterfaceMember.h; sourceTree = "<group>"; };
		5B0BCD1D1D93307E004F5DE3 /* AJNInterfaceMember.mm */ = {isa = PBXFileReference; fileEncoding = 4; lastKnownFileType = sourcecode.cpp.objcpp; path = AJNInterfaceMember.mm; sourceTree = "<group>"; };
		5B0BCD1E1D93307E004F5DE3 /* AJNInterfaceProperty.h */ = {isa = PBXFileReference; fileEncoding = 4; lastKnownFileType = sourcecode.c.h; path = AJNInterfaceProperty.h; sourceTree = "<group>"; };
		5B0BCD1F1D93307E004F5DE3 /* AJNInterfaceProperty.mm */ = {isa = PBXFileReference; fileEncoding = 4; lastKnownFileType = sourcecode.cpp.objcpp; path = AJNInterfaceProperty.mm; sourceTree = "<group>"; };
		5B0BCD201D93307E004F5DE3 /* AJNKeyInfoECC.h */ = {isa = PBXFileReference; fileEncoding = 4; lastKnownFileType = sourcecode.c.h; path = AJNKeyInfoECC.h; sourceTree = "<group>"; };
		5B0BCD211D93307E004F5DE3 /* AJNKeyInfoECC.mm */ = {isa = PBXFileReference; fileEncoding = 4; lastKnownFileType = sourcecode.cpp.objcpp; path = AJNKeyInfoECC.mm; sourceTree = "<group>"; };
		5B0BCD221D93307E004F5DE3 /* AJNKeyStoreListener.h */ = {isa = PBXFileReference; fileEncoding = 4; lastKnownFileType = sourcecode.c.h; path = AJNKeyStoreListener.h; sourceTree = "<group>"; };
		5B0BCD231D93307E004F5DE3 /* AJNKeyStoreListenerImpl.h */ = {isa = PBXFileReference; fileEncoding = 4; lastKnownFileType = sourcecode.c.h; path = AJNKeyStoreListenerImpl.h; sourceTree = "<group>"; };
		5B0BCD241D93307E004F5DE3 /* AJNKeyStoreListenerImpl.mm */ = {isa = PBXFileReference; fileEncoding = 4; lastKnownFileType = sourcecode.cpp.objcpp; path = AJNKeyStoreListenerImpl.mm; sourceTree = "<group>"; };
		5B0BCD251D93307E004F5DE3 /* AJNMessage.h */ = {isa = PBXFileReference; fileEncoding = 4; lastKnownFileType = sourcecode.c.h; path = AJNMessage.h; sourceTree = "<group>"; };
		5B0BCD261D93307E004F5DE3 /* AJNMessage.mm */ = {isa = PBXFileReference; fileEncoding = 4; lastKnownFileType = sourcecode.cpp.objcpp; path = AJNMessage.mm; sourceTree = "<group>"; };
		5B0BCD271D93307E004F5DE3 /* AJNMessageArgument.h */ = {isa = PBXFileReference; fileEncoding = 4; lastKnownFileType = sourcecode.c.h; path = AJNMessageArgument.h; sourceTree = "<group>"; };
		5B0BCD281D93307E004F5DE3 /* AJNMessageArgument.mm */ = {isa = PBXFileReference; fileEncoding = 4; lastKnownFileType = sourcecode.cpp.objcpp; path = AJNMessageArgument.mm; sourceTree = "<group>"; };
		5B0BCD291D93307E004F5DE3 /* AJNMessageHeaderFields.h */ = {isa = PBXFileReference; fileEncoding = 4; lastKnownFileType = sourcecode.c.h; path = AJNMessageHeaderFields.h; sourceTree = "<group>"; };
		5B0BCD2A1D93307E004F5DE3 /* AJNMessageHeaderFields.mm */ = {isa = PBXFileReference; fileEncoding = 4; lastKnownFileType = sourcecode.cpp.objcpp; path = AJNMessageHeaderFields.mm; sourceTree = "<group>"; };
		5B0BCD2B1D93307E004F5DE3 /* AJNObject.h */ = {isa = PBXFileReference; fileEncoding = 4; lastKnownFileType = sourcecode.c.h; path = AJNObject.h; sourceTree = "<group>"; };
		5B0BCD2C1D93307E004F5DE3 /* AJNObject.m */ = {isa = PBXFileReference; fileEncoding = 4; lastKnownFileType = sourcecode.c.objc; path = AJNObject.m; sourceTree = "<group>"; };
		5B0BCD2D1D93307E004F5DE3 /* AJNObserver.h */ = {isa = PBXFileReference; fileEncoding = 4; lastKnownFileType = sourcecode.c.h; path = AJNObserver.h; sourceTree = "<group>"; };
		5B0BCD2E1D93307E004F5DE3 /* AJNObserver.mm */ = {isa = PBXFileReference; fileEncoding = 4; lastKnownFileType = sourcecode.cpp.objcpp; path = AJNObserver.mm; sourceTree = "<group>"; };
		5B0BCD2F1D93307E004F5DE3 /* AJNObserverListener.h */ = {isa = PBXFileReference; fileEncoding = 4; lastKnownFileType = sourcecode.c.h; path = AJNObserverListener.h; sourceTree = "<group>"; };
		5B0BCD301D93307E004F5DE3 /* AJNPasswordManager.h */ = {isa = PBXFileReference; fileEncoding = 4; lastKnownFileType = sourcecode.c.h; path = AJNPasswordManager.h; sourceTree = "<group>"; };
		5B0BCD311D93307E004F5DE3 /* AJNPasswordManager.mm */ = {isa = PBXFileReference; fileEncoding = 4; lastKnownFileType = sourcecode.cpp.objcpp; path = AJNPasswordManager.mm; sourceTree = "<group>"; };
		5B0BCD321D93307E004F5DE3 /* AJNPermissionConfigurationListener.h */ = {isa = PBXFileReference; fileEncoding = 4; lastKnownFileType = sourcecode.c.h; path = AJNPermissionConfigurationListener.h; sourceTree = "<group>"; };
		5B0BCD331D93307E004F5DE3 /* AJNPermissionConfigurationListenerImpl.h */ = {isa = PBXFileReference; fileEncoding = 4; lastKnownFileType = sourcecode.c.h; path = AJNPermissionConfigurationListenerImpl.h; sourceTree = "<group>"; };
		5B0BCD341D93307E004F5DE3 /* AJNPermissionConfigurationListenerImpl.mm */ = {isa = PBXFileReference; fileEncoding = 4; lastKnownFileType = sourcecode.cpp.objcpp; path = AJNPermissionConfigurationListenerImpl.mm; sourceTree = "<group>"; };
		5B0BCD351D93307E004F5DE3 /* AJNPermissionConfigurator.h */ = {isa = PBXFileReference; fileEncoding = 4; lastKnownFileType = sourcecode.c.h; path = AJNPermissionConfigurator.h; sourceTree = "<group>"; };
		5B0BCD361D93307E004F5DE3 /* AJNPermissionConfigurator.mm */ = {isa = PBXFileReference; fileEncoding = 4; lastKnownFileType = sourcecode.cpp.objcpp; path = AJNPermissionConfigurator.mm; sourceTree = "<group>"; };
		5B0BCD371D93307E004F5DE3 /* AJNPingListener.h */ = {isa = PBXFileReference; fileEncoding = 4; lastKnownFileType = sourcecode.c.h; path = AJNPingListener.h; sourceTree = "<group>"; };
		5B0BCD381D93307E004F5DE3 /* AJNPingListenerImpl.h */ = {isa = PBXFileReference; fileEncoding = 4; lastKnownFileType = sourcecode.c.h; path = AJNPingListenerImpl.h; sourceTree = "<group>"; };
		5B0BCD391D93307E004F5DE3 /* AJNPingListenerImpl.mm */ = {isa = PBXFileReference; fileEncoding = 4; lastKnownFileType = sourcecode.cpp.objcpp; path = AJNPingListenerImpl.mm; sourceTree = "<group>"; };
		5B0BCD3A1D93307E004F5DE3 /* AJNProxyBusObject.h */ = {isa = PBXFileReference; fileEncoding = 4; lastKnownFileType = sourcecode.c.h; path = AJNProxyBusObject.h; sourceTree = "<group>"; };
		5B0BCD3B1D93307E004F5DE3 /* AJNProxyBusObject.mm */ = {isa = PBXFileReference; fileEncoding = 4; lastKnownFileType = sourcecode.cpp.objcpp; path = AJNProxyBusObject.mm; sourceTree = "<group>"; };
		5B0BCD3C1D93307E004F5DE3 /* AJNSecurityCredentials.h */ = {isa = PBXFileReference; fileEncoding = 4; lastKnownFileType = sourcecode.c.h; path = AJNSecurityCredentials.h; sourceTree = "<group>"; };
		5B0BCD3D1D93307E004F5DE3 /* AJNSecurityCredentials.mm */ = {isa = PBXFileReference; fileEncoding = 4; lastKnownFileType = sourcecode.cpp.objcpp; path = AJNSecurityCredentials.mm; sourceTree = "<group>"; };
		5B0BCD3E1D93307E004F5DE3 /* AJNServiceController.h */ = {isa = PBXFileReference; fileEncoding = 4; lastKnownFileType = sourcecode.c.h; path = AJNServiceController.h; sourceTree = "<group>"; };
		5B0BCD3F1D93307E004F5DE3 /* AJNServiceController.m */ = {isa = PBXFileReference; fileEncoding = 4; lastKnownFileType = sourcecode.c.objc; path = AJNServiceController.m; sourceTree = "<group>"; };
		5B0BCD401D93307E004F5DE3 /* AJNSessionListener.h */ = {isa = PBXFileReference; fileEncoding = 4; lastKnownFileType = sourcecode.c.h; path = AJNSessionListener.h; sourceTree = "<group>"; };
		5B0BCD411D93307E004F5DE3 /* AJNSessionListenerImpl.h */ = {isa = PBXFileReference; fileEncoding = 4; lastKnownFileType = sourcecode.c.h; path = AJNSessionListenerImpl.h; sourceTree = "<group>"; };
		5B0BCD421D93307E004F5DE3 /* AJNSessionListenerImpl.mm */ = {isa = PBXFileReference; fileEncoding = 4; lastKnownFileType = sourcecode.cpp.objcpp; path = AJNSessionListenerImpl.mm; sourceTree = "<group>"; };
		5B0BCD431D93307F004F5DE3 /* AJNSessionOptions.h */ = {isa = PBXFileReference; fileEncoding = 4; lastKnownFileType = sourcecode.c.h; path = AJNSessionOptions.h; sourceTree = "<group>"; };
		5B0BCD441D93307F004F5DE3 /* AJNSessionOptions.mm */ = {isa = PBXFileReference; fileEncoding = 4; lastKnownFileType = sourcecode.cpp.objcpp; path = AJNSessionOptions.mm; sourceTree = "<group>"; };
		5B0BCD451D93307F004F5DE3 /* AJNSessionPortListener.h */ = {isa = PBXFileReference; fileEncoding = 4; lastKnownFileType = sourcecode.c.h; path = AJNSessionPortListener.h; sourceTree = "<group>"; };
		5B0BCD461D93307F004F5DE3 /* AJNSessionPortListenerImpl.h */ = {isa = PBXFileReference; fileEncoding = 4; lastKnownFileType = sourcecode.c.h; path = AJNSessionPortListenerImpl.h; sourceTree = "<group>"; };
		5B0BCD471D93307F004F5DE3 /* AJNSessionPortListenerImpl.mm */ = {isa = PBXFileReference; fileEncoding = 4; lastKnownFileType = sourcecode.cpp.objcpp; path = AJNSessionPortListenerImpl.mm; sourceTree = "<group>"; };
		5B0BCD481D93307F004F5DE3 /* AJNSignalHandler.h */ = {isa = PBXFileReference; fileEncoding = 4; lastKnownFileType = sourcecode.c.h; path = AJNSignalHandler.h; sourceTree = "<group>"; };
		5B0BCD491D93307F004F5DE3 /* AJNSignalHandlerImpl.h */ = {isa = PBXFileReference; fileEncoding = 4; lastKnownFileType = sourcecode.c.h; path = AJNSignalHandlerImpl.h; sourceTree = "<group>"; };
		5B0BCD4A1D93307F004F5DE3 /* AJNSignalHandlerImpl.mm */ = {isa = PBXFileReference; fileEncoding = 4; lastKnownFileType = sourcecode.cpp.objcpp; path = AJNSignalHandlerImpl.mm; sourceTree = "<group>"; };
		5B0BCD4B1D93307F004F5DE3 /* AJNStatus.h */ = {isa = PBXFileReference; fileEncoding = 4; lastKnownFileType = sourcecode.c.h; path = AJNStatus.h; sourceTree = "<group>"; };
		5B0BCD4C1D93307F004F5DE3 /* AJNStatus.m */ = {isa = PBXFileReference; fileEncoding = 4; lastKnownFileType = sourcecode.c.objc; path = AJNStatus.m; sourceTree = "<group>"; };
		5B0BCD4D1D93307F004F5DE3 /* AJNTranslator.h */ = {isa = PBXFileReference; fileEncoding = 4; lastKnownFileType = sourcecode.c.h; path = AJNTranslator.h; sourceTree = "<group>"; };
		5B0BCD4E1D93307F004F5DE3 /* AJNTranslatorImpl.h */ = {isa = PBXFileReference; fileEncoding = 4; lastKnownFileType = sourcecode.c.h; path = AJNTranslatorImpl.h; sourceTree = "<group>"; };
		5B0BCD4F1D93307F004F5DE3 /* AJNTranslatorImpl.mm */ = {isa = PBXFileReference; fileEncoding = 4; lastKnownFileType = sourcecode.cpp.objcpp; path = AJNTranslatorImpl.mm; sourceTree = "<group>"; };
		5B0BCD501D93307F004F5DE3 /* AJNTransportMask.h */ = {isa = PBXFileReference; fileEncoding = 4; lastKnownFileType = sourcecode.c.h; path = AJNTransportMask.h; sourceTree = "<group>"; };
		5B0BCD511D93307F004F5DE3 /* AJNTransportMask.m */ = {isa = PBXFileReference; fileEncoding = 4; lastKnownFileType = sourcecode.c.objc; path = AJNTransportMask.m; sourceTree = "<group>"; };
		5B0BCD521D93307F004F5DE3 /* AJNType.h */ = {isa = PBXFileReference; fileEncoding = 4; lastKnownFileType = sourcecode.c.h; path = AJNType.h; sourceTree = "<group>"; };
		5B0BCD531D93307F004F5DE3 /* AJNVersion.h */ = {isa = PBXFileReference; fileEncoding = 4; lastKnownFileType = sourcecode.c.h; path = AJNVersion.h; sourceTree = "<group>"; };
		5B0BCD541D93307F004F5DE3 /* AJNVersion.mm */ = {isa = PBXFileReference; fileEncoding = 4; lastKnownFileType = sourcecode.cpp.objcpp; path = AJNVersion.mm; sourceTree = "<group>"; };
		5B0BCD551D93307F004F5DE3 /* AllJoynFramework-Prefix.pch */ = {isa = PBXFileReference; fileEncoding = 4; lastKnownFileType = sourcecode.c.h; path = "AllJoynFramework-Prefix.pch"; sourceTree = "<group>"; };
		5B0BCD561D93307F004F5DE3 /* SConscript */ = {isa = PBXFileReference; fileEncoding = 4; lastKnownFileType = text; path = SConscript; sourceTree = "<group>"; };
/* End PBXFileReference section */

/* Begin PBXFrameworksBuildPhase section */
		5B0BCCC71D933064004F5DE3 /* Frameworks */ = {
			isa = PBXFrameworksBuildPhase;
			buildActionMask = 2147483647;
			files = (
			);
			runOnlyForDeploymentPostprocessing = 0;
		};
/* End PBXFrameworksBuildPhase section */

/* Begin PBXGroup section */
		5B0BCCC11D933064004F5DE3 = {
			isa = PBXGroup;
			children = (
				5B0BCCE81D93307E004F5DE3 /* AllJoynFramework */,
				5B0BCCE41D933070004F5DE3 /* DoorCommon */,
				5B0BCCCC1D933064004F5DE3 /* DoorProvider */,
				5B0BCCCB1D933064004F5DE3 /* Products */,
			);
			sourceTree = "<group>";
		};
		5B0BCCCB1D933064004F5DE3 /* Products */ = {
			isa = PBXGroup;
			children = (
				5B0BCCCA1D933064004F5DE3 /* DoorProvider.app */,
			);
			name = Products;
			sourceTree = "<group>";
		};
		5B0BCCCC1D933064004F5DE3 /* DoorProvider */ = {
			isa = PBXGroup;
			children = (
				5B0BCCD01D933064004F5DE3 /* AppDelegate.h */,
				5B0BCCD11D933064004F5DE3 /* AppDelegate.m */,
				5B0BCCD31D933064004F5DE3 /* ViewController.h */,
				5B0BCCD41D933064004F5DE3 /* ViewController.m */,
				5B0BCCD61D933064004F5DE3 /* Main.storyboard */,
				5B0BCCD91D933064004F5DE3 /* Assets.xcassets */,
				5B0BCCDB1D933064004F5DE3 /* LaunchScreen.storyboard */,
				5B0BCCDE1D933064004F5DE3 /* Info.plist */,
				5B0BCCCD1D933064004F5DE3 /* Supporting Files */,
			);
			path = DoorProvider;
			sourceTree = "<group>";
		};
		5B0BCCCD1D933064004F5DE3 /* Supporting Files */ = {
			isa = PBXGroup;
			children = (
				5B0BCCCE1D933064004F5DE3 /* main.m */,
			);
			name = "Supporting Files";
			sourceTree = "<group>";
		};
		5B0BCCE41D933070004F5DE3 /* DoorCommon */ = {
			isa = PBXGroup;
			children = (
				5B0BCCE51D933070004F5DE3 /* DoorCommon.h */,
				5B0BCCE61D933070004F5DE3 /* DoorCommon.mm */,
			);
			name = DoorCommon;
			path = ../DoorCommon;
			sourceTree = "<group>";
		};
		5B0BCCE81D93307E004F5DE3 /* AllJoynFramework */ = {
			isa = PBXGroup;
			children = (
				5B0BCCE91D93307E004F5DE3 /* AJNAboutData.h */,
				5B0BCCEA1D93307E004F5DE3 /* AJNAboutData.mm */,
				5B0BCCEB1D93307E004F5DE3 /* AJNAboutDataListener.h */,
				5B0BCCEC1D93307E004F5DE3 /* AJNAboutDataListenerImpl.h */,
				5B0BCCED1D93307E004F5DE3 /* AJNAboutDataListenerImpl.mm */,
				5B0BCCEE1D93307E004F5DE3 /* AJNAboutIcon.h */,
				5B0BCCEF1D93307E004F5DE3 /* AJNAboutIcon.mm */,
				5B0BCCF01D93307E004F5DE3 /* AJNAboutIconObject.h */,
				5B0BCCF11D93307E004F5DE3 /* AJNAboutIconObject.mm */,
				5B0BCCF21D93307E004F5DE3 /* AJNAboutIconProxy.h */,
				5B0BCCF31D93307E004F5DE3 /* AJNAboutIconProxy.mm */,
				5B0BCCF41D93307E004F5DE3 /* AJNAboutListener.h */,
				5B0BCCF51D93307E004F5DE3 /* AJNAboutListenerImpl.h */,
				5B0BCCF61D93307E004F5DE3 /* AJNAboutListenerImpl.mm */,
				5B0BCCF71D93307E004F5DE3 /* AJNAboutObject.h */,
				5B0BCCF81D93307E004F5DE3 /* AJNAboutObject.mm */,
				5B0BCCF91D93307E004F5DE3 /* AJNAboutObjectDescription.h */,
				5B0BCCFA1D93307E004F5DE3 /* AJNAboutObjectDescription.mm */,
				5B0BCCFB1D93307E004F5DE3 /* AJNAboutProxy.h */,
				5B0BCCFC1D93307E004F5DE3 /* AJNAboutProxy.mm */,
				5B0BCCFD1D93307E004F5DE3 /* AJNAuthenticationListener.h */,
				5B0BCCFE1D93307E004F5DE3 /* AJNAuthenticationListenerImpl.h */,
				5B0BCCFF1D93307E004F5DE3 /* AJNAuthenticationListenerImpl.mm */,
				5B0BCD001D93307E004F5DE3 /* AJNAutoPinger.h */,
				5B0BCD011D93307E004F5DE3 /* AJNAutoPinger.mm */,
				5B0BCD021D93307E004F5DE3 /* AJNBus.h */,
				5B0BCD031D93307E004F5DE3 /* AJNBus.m */,
				5B0BCD041D93307E004F5DE3 /* AJNBusAttachment.h */,
				5B0BCD051D93307E004F5DE3 /* AJNBusAttachment.mm */,
				5B0BCD061D93307E004F5DE3 /* AJNBusController.h */,
				5B0BCD071D93307E004F5DE3 /* AJNBusInterface.h */,
				5B0BCD081D93307E004F5DE3 /* AJNBusListener.h */,
				5B0BCD091D93307E004F5DE3 /* AJNBusListenerImpl.h */,
				5B0BCD0A1D93307E004F5DE3 /* AJNBusListenerImpl.mm */,
				5B0BCD0B1D93307E004F5DE3 /* AJNBusObject.h */,
				5B0BCD0C1D93307E004F5DE3 /* AJNBusObject.mm */,
				5B0BCD0D1D93307E004F5DE3 /* AJNBusObjectImpl.h */,
				5B0BCD0E1D93307E004F5DE3 /* AJNBusObjectImpl.mm */,
				5B0BCD0F1D93307E004F5DE3 /* AJNCertificateX509.h */,
				5B0BCD101D93307E004F5DE3 /* AJNCertificateX509.mm */,
				5B0BCD111D93307E004F5DE3 /* AJNClientController.h */,
				5B0BCD121D93307E004F5DE3 /* AJNClientController.m */,
				5B0BCD131D93307E004F5DE3 /* AJNCryptoECC.h */,
				5B0BCD141D93307E004F5DE3 /* AJNCryptoECC.mm */,
				5B0BCD151D93307E004F5DE3 /* AJNGUID.h */,
				5B0BCD161D93307E004F5DE3 /* AJNGUID.mm */,
				5B0BCD171D93307E004F5DE3 /* AJNHandle.h */,
				5B0BCD181D93307E004F5DE3 /* AJNInit.h */,
				5B0BCD191D93307E004F5DE3 /* AJNInit.mm */,
				5B0BCD1A1D93307E004F5DE3 /* AJNInterfaceDescription.h */,
				5B0BCD1B1D93307E004F5DE3 /* AJNInterfaceDescription.mm */,
				5B0BCD1C1D93307E004F5DE3 /* AJNInterfaceMember.h */,
				5B0BCD1D1D93307E004F5DE3 /* AJNInterfaceMember.mm */,
				5B0BCD1E1D93307E004F5DE3 /* AJNInterfaceProperty.h */,
				5B0BCD1F1D93307E004F5DE3 /* AJNInterfaceProperty.mm */,
				5B0BCD201D93307E004F5DE3 /* AJNKeyInfoECC.h */,
				5B0BCD211D93307E004F5DE3 /* AJNKeyInfoECC.mm */,
				5B0BCD221D93307E004F5DE3 /* AJNKeyStoreListener.h */,
				5B0BCD231D93307E004F5DE3 /* AJNKeyStoreListenerImpl.h */,
				5B0BCD241D93307E004F5DE3 /* AJNKeyStoreListenerImpl.mm */,
				5B0BCD251D93307E004F5DE3 /* AJNMessage.h */,
				5B0BCD261D93307E004F5DE3 /* AJNMessage.mm */,
				5B0BCD271D93307E004F5DE3 /* AJNMessageArgument.h */,
				5B0BCD281D93307E004F5DE3 /* AJNMessageArgument.mm */,
				5B0BCD291D93307E004F5DE3 /* AJNMessageHeaderFields.h */,
				5B0BCD2A1D93307E004F5DE3 /* AJNMessageHeaderFields.mm */,
				5B0BCD2B1D93307E004F5DE3 /* AJNObject.h */,
				5B0BCD2C1D93307E004F5DE3 /* AJNObject.m */,
				5B0BCD2D1D93307E004F5DE3 /* AJNObserver.h */,
				5B0BCD2E1D93307E004F5DE3 /* AJNObserver.mm */,
				5B0BCD2F1D93307E004F5DE3 /* AJNObserverListener.h */,
				5B0BCD301D93307E004F5DE3 /* AJNPasswordManager.h */,
				5B0BCD311D93307E004F5DE3 /* AJNPasswordManager.mm */,
				5B0BCD321D93307E004F5DE3 /* AJNPermissionConfigurationListener.h */,
				5B0BCD331D93307E004F5DE3 /* AJNPermissionConfigurationListenerImpl.h */,
				5B0BCD341D93307E004F5DE3 /* AJNPermissionConfigurationListenerImpl.mm */,
				5B0BCD351D93307E004F5DE3 /* AJNPermissionConfigurator.h */,
				5B0BCD361D93307E004F5DE3 /* AJNPermissionConfigurator.mm */,
				5B0BCD371D93307E004F5DE3 /* AJNPingListener.h */,
				5B0BCD381D93307E004F5DE3 /* AJNPingListenerImpl.h */,
				5B0BCD391D93307E004F5DE3 /* AJNPingListenerImpl.mm */,
				5B0BCD3A1D93307E004F5DE3 /* AJNProxyBusObject.h */,
				5B0BCD3B1D93307E004F5DE3 /* AJNProxyBusObject.mm */,
				5B0BCD3C1D93307E004F5DE3 /* AJNSecurityCredentials.h */,
				5B0BCD3D1D93307E004F5DE3 /* AJNSecurityCredentials.mm */,
				5B0BCD3E1D93307E004F5DE3 /* AJNServiceController.h */,
				5B0BCD3F1D93307E004F5DE3 /* AJNServiceController.m */,
				5B0BCD401D93307E004F5DE3 /* AJNSessionListener.h */,
				5B0BCD411D93307E004F5DE3 /* AJNSessionListenerImpl.h */,
				5B0BCD421D93307E004F5DE3 /* AJNSessionListenerImpl.mm */,
				5B0BCD431D93307F004F5DE3 /* AJNSessionOptions.h */,
				5B0BCD441D93307F004F5DE3 /* AJNSessionOptions.mm */,
				5B0BCD451D93307F004F5DE3 /* AJNSessionPortListener.h */,
				5B0BCD461D93307F004F5DE3 /* AJNSessionPortListenerImpl.h */,
				5B0BCD471D93307F004F5DE3 /* AJNSessionPortListenerImpl.mm */,
				5B0BCD481D93307F004F5DE3 /* AJNSignalHandler.h */,
				5B0BCD491D93307F004F5DE3 /* AJNSignalHandlerImpl.h */,
				5B0BCD4A1D93307F004F5DE3 /* AJNSignalHandlerImpl.mm */,
				5B0BCD4B1D93307F004F5DE3 /* AJNStatus.h */,
				5B0BCD4C1D93307F004F5DE3 /* AJNStatus.m */,
				5B0BCD4D1D93307F004F5DE3 /* AJNTranslator.h */,
				5B0BCD4E1D93307F004F5DE3 /* AJNTranslatorImpl.h */,
				5B0BCD4F1D93307F004F5DE3 /* AJNTranslatorImpl.mm */,
				5B0BCD501D93307F004F5DE3 /* AJNTransportMask.h */,
				5B0BCD511D93307F004F5DE3 /* AJNTransportMask.m */,
				5B0BCD521D93307F004F5DE3 /* AJNType.h */,
				5B0BCD531D93307F004F5DE3 /* AJNVersion.h */,
				5B0BCD541D93307F004F5DE3 /* AJNVersion.mm */,
				5B0BCD551D93307F004F5DE3 /* AllJoynFramework-Prefix.pch */,
				5B0BCD561D93307F004F5DE3 /* SConscript */,
			);
			name = AllJoynFramework;
			path = ../../../../AllJoynFramework/AllJoynFramework;
			sourceTree = "<group>";
		};
/* End PBXGroup section */

/* Begin PBXNativeTarget section */
		5B0BCCC91D933064004F5DE3 /* DoorProvider */ = {
			isa = PBXNativeTarget;
			buildConfigurationList = 5B0BCCE11D933064004F5DE3 /* Build configuration list for PBXNativeTarget "DoorProvider" */;
			buildPhases = (
				5B0BCCC61D933064004F5DE3 /* Sources */,
				5B0BCCC71D933064004F5DE3 /* Frameworks */,
				5B0BCCC81D933064004F5DE3 /* Resources */,
			);
			buildRules = (
			);
			dependencies = (
			);
			name = DoorProvider;
			productName = DoorProvider;
			productReference = 5B0BCCCA1D933064004F5DE3 /* DoorProvider.app */;
			productType = "com.apple.product-type.application";
		};
/* End PBXNativeTarget section */

/* Begin PBXProject section */
		5B0BCCC21D933064004F5DE3 /* Project object */ = {
			isa = PBXProject;
			attributes = {
				LastUpgradeCheck = 0730;
				ORGANIZATIONNAME = AllseenAlliance;
				TargetAttributes = {
					5B0BCCC91D933064004F5DE3 = {
						CreatedOnToolsVersion = 7.3.1;
						DevelopmentTeam = LHK5UCWG92;
					};
				};
			};
			buildConfigurationList = 5B0BCCC51D933064004F5DE3 /* Build configuration list for PBXProject "DoorProvider" */;
			compatibilityVersion = "Xcode 3.2";
			developmentRegion = English;
			hasScannedForEncodings = 0;
			knownRegions = (
				en,
				Base,
			);
			mainGroup = 5B0BCCC11D933064004F5DE3;
			productRefGroup = 5B0BCCCB1D933064004F5DE3 /* Products */;
			projectDirPath = "";
			projectRoot = "";
			targets = (
				5B0BCCC91D933064004F5DE3 /* DoorProvider */,
			);
		};
/* End PBXProject section */

/* Begin PBXResourcesBuildPhase section */
		5B0BCCC81D933064004F5DE3 /* Resources */ = {
			isa = PBXResourcesBuildPhase;
			buildActionMask = 2147483647;
			files = (
				5B0BCCDD1D933064004F5DE3 /* LaunchScreen.storyboard in Resources */,
				5B0BCCDA1D933064004F5DE3 /* Assets.xcassets in Resources */,
				5B0BCD851D93307F004F5DE3 /* SConscript in Resources */,
				5B0BCCD81D933064004F5DE3 /* Main.storyboard in Resources */,
			);
			runOnlyForDeploymentPostprocessing = 0;
		};
/* End PBXResourcesBuildPhase section */

/* Begin PBXSourcesBuildPhase section */
		5B0BCCC61D933064004F5DE3 /* Sources */ = {
			isa = PBXSourcesBuildPhase;
			buildActionMask = 2147483647;
			files = (
				5B0BCD7A1D93307F004F5DE3 /* AJNProxyBusObject.mm in Sources */,
				5B0BCD771D93307F004F5DE3 /* AJNPermissionConfigurationListenerImpl.mm in Sources */,
				5B0BCD7F1D93307F004F5DE3 /* AJNSessionPortListenerImpl.mm in Sources */,
				5B0BCD751D93307F004F5DE3 /* AJNObserver.mm in Sources */,
				5B0BCD5D1D93307F004F5DE3 /* AJNAboutObject.mm in Sources */,
				5B0BCD701D93307F004F5DE3 /* AJNKeyStoreListenerImpl.mm in Sources */,
				5B0BCD6B1D93307F004F5DE3 /* AJNInit.mm in Sources */,
				5B0BCD731D93307F004F5DE3 /* AJNMessageHeaderFields.mm in Sources */,
				5B0BCD6E1D93307F004F5DE3 /* AJNInterfaceProperty.mm in Sources */,
				5B0BCD631D93307F004F5DE3 /* AJNBusAttachment.mm in Sources */,
				5B0BCD5F1D93307F004F5DE3 /* AJNAboutProxy.mm in Sources */,
				5B0BCD781D93307F004F5DE3 /* AJNPermissionConfigurator.mm in Sources */,
				5B0BCD661D93307F004F5DE3 /* AJNBusObjectImpl.mm in Sources */,
				5B0BCD6A1D93307F004F5DE3 /* AJNGUID.mm in Sources */,
				5B0BCD801D93307F004F5DE3 /* AJNSignalHandlerImpl.mm in Sources */,
				5B0BCD7B1D93307F004F5DE3 /* AJNSecurityCredentials.mm in Sources */,
				5B0BCCD51D933064004F5DE3 /* ViewController.m in Sources */,
				5B0BCD5A1D93307F004F5DE3 /* AJNAboutIconObject.mm in Sources */,
				5B0BCD7D1D93307F004F5DE3 /* AJNSessionListenerImpl.mm in Sources */,
				5B0BCD831D93307F004F5DE3 /* AJNTransportMask.m in Sources */,
				5B0BCD601D93307F004F5DE3 /* AJNAuthenticationListenerImpl.mm in Sources */,
				5B0BCD5E1D93307F004F5DE3 /* AJNAboutObjectDescription.mm in Sources */,
				5B0BCD621D93307F004F5DE3 /* AJNBus.m in Sources */,
				5B0BCD581D93307F004F5DE3 /* AJNAboutDataListenerImpl.mm in Sources */,
				5B0BCD7E1D93307F004F5DE3 /* AJNSessionOptions.mm in Sources */,
				5B0BCD5C1D93307F004F5DE3 /* AJNAboutListenerImpl.mm in Sources */,
				5B0BCCD21D933064004F5DE3 /* AppDelegate.m in Sources */,
				5B0BCD6D1D93307F004F5DE3 /* AJNInterfaceMember.mm in Sources */,
				5B0BCD711D93307F004F5DE3 /* AJNMessage.mm in Sources */,
				5B0BCCE71D933070004F5DE3 /* DoorCommon.mm in Sources */,
				5B0BCD691D93307F004F5DE3 /* AJNCryptoECC.mm in Sources */,
				5B0BCD5B1D93307F004F5DE3 /* AJNAboutIconProxy.mm in Sources */,
				5B0BCD841D93307F004F5DE3 /* AJNVersion.mm in Sources */,
				5B0BCD811D93307F004F5DE3 /* AJNStatus.m in Sources */,
				5B0BCD741D93307F004F5DE3 /* AJNObject.m in Sources */,
				5B0BCD821D93307F004F5DE3 /* AJNTranslatorImpl.mm in Sources */,
				5B0BCD761D93307F004F5DE3 /* AJNPasswordManager.mm in Sources */,
				5B0BCD591D93307F004F5DE3 /* AJNAboutIcon.mm in Sources */,
				5B0BCD641D93307F004F5DE3 /* AJNBusListenerImpl.mm in Sources */,
				5B0BCD681D93307F004F5DE3 /* AJNClientController.m in Sources */,
				5B0BCD6C1D93307F004F5DE3 /* AJNInterfaceDescription.mm in Sources */,
				5B0BCD6F1D93307F004F5DE3 /* AJNKeyInfoECC.mm in Sources */,
				5B0BCD571D93307F004F5DE3 /* AJNAboutData.mm in Sources */,
				5B0BCD671D93307F004F5DE3 /* AJNCertificateX509.mm in Sources */,
				5B0BCD651D93307F004F5DE3 /* AJNBusObject.mm in Sources */,
				5B0BCD7C1D93307F004F5DE3 /* AJNServiceController.m in Sources */,
				5B0BCCCF1D933064004F5DE3 /* main.m in Sources */,
				5B0BCD791D93307F004F5DE3 /* AJNPingListenerImpl.mm in Sources */,
				5B0BCD721D93307F004F5DE3 /* AJNMessageArgument.mm in Sources */,
				5B0BCD611D93307F004F5DE3 /* AJNAutoPinger.mm in Sources */,
			);
			runOnlyForDeploymentPostprocessing = 0;
		};
/* End PBXSourcesBuildPhase section */

/* Begin PBXVariantGroup section */
		5B0BCCD61D933064004F5DE3 /* Main.storyboard */ = {
			isa = PBXVariantGroup;
			children = (
				5B0BCCD71D933064004F5DE3 /* Base */,
			);
			name = Main.storyboard;
			sourceTree = "<group>";
		};
		5B0BCCDB1D933064004F5DE3 /* LaunchScreen.storyboard */ = {
			isa = PBXVariantGroup;
			children = (
				5B0BCCDC1D933064004F5DE3 /* Base */,
			);
			name = LaunchScreen.storyboard;
			sourceTree = "<group>";
		};
/* End PBXVariantGroup section */

/* Begin XCBuildConfiguration section */
		5B0BCCDF1D933064004F5DE3 /* Debug */ = {
			isa = XCBuildConfiguration;
			buildSettings = {
				ALWAYS_SEARCH_USER_PATHS = NO;
				CLANG_ANALYZER_NONNULL = YES;
				CLANG_CXX_LANGUAGE_STANDARD = "gnu++0x";
				CLANG_CXX_LIBRARY = "libc++";
				CLANG_ENABLE_MODULES = YES;
				CLANG_ENABLE_OBJC_ARC = YES;
				CLANG_WARN_BOOL_CONVERSION = YES;
				CLANG_WARN_CONSTANT_CONVERSION = YES;
				CLANG_WARN_DIRECT_OBJC_ISA_USAGE = YES_ERROR;
				CLANG_WARN_EMPTY_BODY = YES;
				CLANG_WARN_ENUM_CONVERSION = YES;
				CLANG_WARN_INT_CONVERSION = YES;
				CLANG_WARN_OBJC_ROOT_CLASS = YES_ERROR;
				CLANG_WARN_UNREACHABLE_CODE = YES;
				CLANG_WARN__DUPLICATE_METHOD_MATCH = YES;
				"CODE_SIGN_IDENTITY[sdk=iphoneos*]" = "iPhone Developer";
				COPY_PHASE_STRIP = NO;
				DEBUG_INFORMATION_FORMAT = dwarf;
				ENABLE_STRICT_OBJC_MSGSEND = YES;
				ENABLE_TESTABILITY = YES;
				GCC_C_LANGUAGE_STANDARD = gnu99;
				GCC_DYNAMIC_NO_PIC = NO;
				GCC_NO_COMMON_BLOCKS = YES;
				GCC_OPTIMIZATION_LEVEL = 0;
				GCC_PREPROCESSOR_DEFINITIONS = (
					"DEBUG=1",
					"$(inherited)",
				);
				GCC_WARN_64_TO_32_BIT_CONVERSION = YES;
				GCC_WARN_ABOUT_RETURN_TYPE = YES_ERROR;
				GCC_WARN_UNDECLARED_SELECTOR = YES;
				GCC_WARN_UNINITIALIZED_AUTOS = YES_AGGRESSIVE;
				GCC_WARN_UNUSED_FUNCTION = YES;
				GCC_WARN_UNUSED_VARIABLE = YES;
				IPHONEOS_DEPLOYMENT_TARGET = 9.3;
				MTL_ENABLE_DEBUG_INFO = YES;
				ONLY_ACTIVE_ARCH = YES;
				SDKROOT = iphoneos;
				TARGETED_DEVICE_FAMILY = "1,2";
			};
			name = Debug;
		};
		5B0BCCE01D933064004F5DE3 /* Release */ = {
			isa = XCBuildConfiguration;
			buildSettings = {
				ALWAYS_SEARCH_USER_PATHS = NO;
				CLANG_ANALYZER_NONNULL = YES;
				CLANG_CXX_LANGUAGE_STANDARD = "gnu++0x";
				CLANG_CXX_LIBRARY = "libc++";
				CLANG_ENABLE_MODULES = YES;
				CLANG_ENABLE_OBJC_ARC = YES;
				CLANG_WARN_BOOL_CONVERSION = YES;
				CLANG_WARN_CONSTANT_CONVERSION = YES;
				CLANG_WARN_DIRECT_OBJC_ISA_USAGE = YES_ERROR;
				CLANG_WARN_EMPTY_BODY = YES;
				CLANG_WARN_ENUM_CONVERSION = YES;
				CLANG_WARN_INT_CONVERSION = YES;
				CLANG_WARN_OBJC_ROOT_CLASS = YES_ERROR;
				CLANG_WARN_UNREACHABLE_CODE = YES;
				CLANG_WARN__DUPLICATE_METHOD_MATCH = YES;
				"CODE_SIGN_IDENTITY[sdk=iphoneos*]" = "iPhone Developer";
				COPY_PHASE_STRIP = NO;
				DEBUG_INFORMATION_FORMAT = "dwarf-with-dsym";
				ENABLE_NS_ASSERTIONS = NO;
				ENABLE_STRICT_OBJC_MSGSEND = YES;
				GCC_C_LANGUAGE_STANDARD = gnu99;
				GCC_NO_COMMON_BLOCKS = YES;
				GCC_WARN_64_TO_32_BIT_CONVERSION = YES;
				GCC_WARN_ABOUT_RETURN_TYPE = YES_ERROR;
				GCC_WARN_UNDECLARED_SELECTOR = YES;
				GCC_WARN_UNINITIALIZED_AUTOS = YES_AGGRESSIVE;
				GCC_WARN_UNUSED_FUNCTION = YES;
				GCC_WARN_UNUSED_VARIABLE = YES;
				IPHONEOS_DEPLOYMENT_TARGET = 9.3;
				MTL_ENABLE_DEBUG_INFO = NO;
				SDKROOT = iphoneos;
				TARGETED_DEVICE_FAMILY = "1,2";
				VALIDATE_PRODUCT = YES;
			};
			name = Release;
		};
		5B0BCCE21D933064004F5DE3 /* Debug */ = {
			isa = XCBuildConfiguration;
			buildSettings = {
				ASSETCATALOG_COMPILER_APPICON_NAME = AppIcon;
				ENABLE_BITCODE = NO;
				HEADER_SEARCH_PATHS = "\"$(SRCROOT)/../../../../../build/darwin/$(CURRENT_ARCH)/$(PLATFORM_NAME)/debug/dist/cpp/inc/\"";
				INFOPLIST_FILE = DoorProvider/Info.plist;
				LD_RUNPATH_SEARCH_PATHS = "$(inherited) @executable_path/Frameworks";
				LIBRARY_SEARCH_PATHS = "\"$(SRCROOT)/../../../../../build/darwin/$(CURRENT_ARCH)/$(PLATFORM_NAME)/debug/dist/cpp/lib/\"";
				OTHER_CFLAGS = (
					"-DQCC_OS_GROUP_POSIX",
					"-DQCC_OS_DARWIN",
				);
				OTHER_CPLUSPLUSFLAGS = "$(OTHER_CFLAGS)";
				OTHER_LDFLAGS = (
					"-lajrouter",
					"-lalljoyn",
				);
				PRODUCT_BUNDLE_IDENTIFIER = AllseenAlliance.DoorProvider;
				PRODUCT_NAME = "$(TARGET_NAME)";
				USER_HEADER_SEARCH_PATHS = "";
			};
			name = Debug;
		};
		5B0BCCE31D933064004F5DE3 /* Release */ = {
			isa = XCBuildConfiguration;
			buildSettings = {
				ASSETCATALOG_COMPILER_APPICON_NAME = AppIcon;
				ENABLE_BITCODE = NO;
				HEADER_SEARCH_PATHS = "\"$(SRCROOT)/../../../../../build/darwin/$(CURRENT_ARCH)/$(PLATFORM_NAME)/release/dist/cpp/inc/\"";
				INFOPLIST_FILE = DoorProvider/Info.plist;
				LD_RUNPATH_SEARCH_PATHS = "$(inherited) @executable_path/Frameworks";
				LIBRARY_SEARCH_PATHS = "\"$(SRCROOT)/../../../../../build/darwin/$(CURRENT_ARCH)/$(PLATFORM_NAME)/release/dist/cpp/lib/\"";
				OTHER_CFLAGS = (
					"-DQCC_OS_GROUP_POSIX",
					"-DQCC_OS_DARWIN",
					"-DNS_BLOCK_ASSERTIONS=1",
				);
				OTHER_CPLUSPLUSFLAGS = "$(OTHER_CFLAGS)";
				OTHER_LDFLAGS = (
					"-lajrouter",
					"-lalljoyn",
				);
				PRODUCT_BUNDLE_IDENTIFIER = AllseenAlliance.DoorProvider;
				PRODUCT_NAME = "$(TARGET_NAME)";
				USER_HEADER_SEARCH_PATHS = "";
			};
			name = Release;
		};
/* End XCBuildConfiguration section */

/* Begin XCConfigurationList section */
		5B0BCCC51D933064004F5DE3 /* Build configuration list for PBXProject "DoorProvider" */ = {
			isa = XCConfigurationList;
			buildConfigurations = (
				5B0BCCDF1D933064004F5DE3 /* Debug */,
				5B0BCCE01D933064004F5DE3 /* Release */,
			);
			defaultConfigurationIsVisible = 0;
			defaultConfigurationName = Release;
		};
		5B0BCCE11D933064004F5DE3 /* Build configuration list for PBXNativeTarget "DoorProvider" */ = {
			isa = XCConfigurationList;
			buildConfigurations = (
				5B0BCCE21D933064004F5DE3 /* Debug */,
				5B0BCCE31D933064004F5DE3 /* Release */,
			);
			defaultConfigurationIsVisible = 0;
			defaultConfigurationName = Release;
		};
/* End XCConfigurationList section */
	};
	rootObject = 5B0BCCC21D933064004F5DE3 /* Project object */;
}
